
Microsoft Visual Studio Solution File, Format Version 12.00
# Visual Studio Version 17
VisualStudioVersion = 17.4.33122.133
MinimumVisualStudioVersion = 10.0.40219.1
Project("{9A19103F-16F7-4668-BE54-9A1E7A4F7556}") = "MauiUserManagementApp", "MauiUserManagementApp\MauiUserManagementApp.csproj", "{D3194434-BC7C-451C-A8B8-C5FF01118A00}"
EndProject
Project("{FAE04EC0-301F-11D3-BF4B-00C04F79EFBC}") = "MobileApp", "MobileApp\MobileApp.csproj", "{A5F01484-0227-46F4-B09F-922C05A21D1E}"
EndProject
Global
	GlobalSection(SolutionConfigurationPlatforms) = preSolution
		Debug|Any CPU = Debug|Any CPU
		Release|Any CPU = Release|Any CPU
	EndGlobalSection
	GlobalSection(ProjectConfigurationPlatforms) = postSolution
		{D3194434-BC7C-451C-A8B8-C5FF01118A00}.Debug|Any CPU.ActiveCfg = Debug|Any CPU
		{D3194434-BC7C-451C-A8B8-C5FF01118A00}.Debug|Any CPU.Build.0 = Debug|Any CPU
		{D3194434-BC7C-451C-A8B8-C5FF01118A00}.Release|Any CPU.ActiveCfg = Release|Any CPU
		{D3194434-BC7C-451C-A8B8-C5FF01118A00}.Release|Any CPU.Build.0 = Release|Any CPU
		{A5F01484-0227-46F4-B09F-922C05A21D1E}.Debug|Any CPU.ActiveCfg = Debug|Any CPU
		{A5F01484-0227-46F4-B09F-922C05A21D1E}.Debug|Any CPU.Build.0 = Debug|Any CPU
		{A5F01484-0227-46F4-B09F-922C05A21D1E}.Debug|Any CPU.Deploy.0 = Debug|Any CPU
		{A5F01484-0227-46F4-B09F-922C05A21D1E}.Release|Any CPU.ActiveCfg = Release|Any CPU
		{A5F01484-0227-46F4-B09F-922C05A21D1E}.Release|Any CPU.Build.0 = Release|Any CPU
		{A5F01484-0227-46F4-B09F-922C05A21D1E}.Release|Any CPU.Deploy.0 = Release|Any CPU
	EndGlobalSection
	GlobalSection(SolutionProperties) = preSolution
		HideSolutionNode = FALSE
	EndGlobalSection
	GlobalSection(ExtensibilityGlobals) = postSolution
		SolutionGuid = {AC09B180-A226-443D-BEB1-CC0D96175B57}
	EndGlobalSection
EndGlobal
